# This file is automatically @generated by Poetry 1.8.3 and should not be changed by hand.

[[package]]
name = "cython"
version = "0.29.37"
description = "The Cython compiler for writing C extensions for the Python language."
optional = false
python-versions = ">=2.6, !=3.0.*, !=3.1.*, !=3.2.*"
files = [
    {file = "Cython-0.29.37-cp27-cp27m-manylinux_2_5_i686.manylinux1_i686.whl", hash = "sha256:f2d621fe4cb50007446742134a890500b34e3f50abaf7993baaca02634af7e15"},
    {file = "Cython-0.29.37-cp27-cp27m-manylinux_2_5_x86_64.manylinux1_x86_64.whl", hash = "sha256:d94caf90ae9cb56116ca6d54cdcbccd3c4df6b0cb7233922b2233ee7fe81d05b"},
    {file = "Cython-0.29.37-cp27-cp27mu-manylinux_2_5_i686.manylinux1_i686.whl", hash = "sha256:852cd4378cbc9ade02f53709107ff9fdad55019a3a636e8a27663ba6cfce10b6"},
    {file = "Cython-0.29.37-cp27-cp27mu-manylinux_2_5_x86_64.manylinux1_x86_64.whl", hash = "sha256:bbce388431a2608a81c8ab13cb14c50611473843ca766031b8b24bb1723faf79"},
    {file = "Cython-0.29.37-cp310-cp310-manylinux_2_17_aarch64.manylinux2014_aarch64.manylinux_2_24_aarch64.whl", hash = "sha256:4658499a41255431f6bbdca7e634e9c8d3a4c190bf24b4aa1646dac751d3da4d"},
    {file = "Cython-0.29.37-cp310-cp310-manylinux_2_17_x86_64.manylinux2014_x86_64.manylinux_2_24_x86_64.whl", hash = "sha256:12192ab269e7185720f2d2f8894587bf1da4276db1b9b869e4622a093f18cae6"},
    {file = "Cython-0.29.37-cp310-cp310-manylinux_2_5_i686.manylinux1_i686.manylinux_2_24_i686.whl", hash = "sha256:9450e0766ab65947f8a2a36f9e59079fc879c3807ec936c61725a48c97741a52"},
    {file = "Cython-0.29.37-cp310-cp310-musllinux_1_1_x86_64.whl", hash = "sha256:177481b0a7e003e5c49e2bf0dda1d6fe610c239f17642a5da9f18c2ad0c5f6b6"},
    {file = "Cython-0.29.37-cp311-cp311-manylinux_2_17_aarch64.manylinux2014_aarch64.manylinux_2_24_aarch64.whl", hash = "sha256:b048354fd380278f2fa096e7526973beb6e0491a9d44d7e4e29df52612d25776"},
    {file = "Cython-0.29.37-cp311-cp311-manylinux_2_17_x86_64.manylinux2014_x86_64.manylinux_2_24_x86_64.whl", hash = "sha256:ea6d208be1906c5df25b674777d5905c6d8e9ef0b201b830849e0729ba08caba"},
    {file = "Cython-0.29.37-cp311-cp311-manylinux_2_5_i686.manylinux1_i686.manylinux_2_24_i686.whl", hash = "sha256:af03854571738307a5f30cc6b724081d72db12f907699e7fdfc04c12c839158e"},
    {file = "Cython-0.29.37-cp311-cp311-musllinux_1_1_x86_64.whl", hash = "sha256:c33508ede9172a6f6f99d5a6dadc7fee23c840423b411ef8b5a403c04e530297"},
    {file = "Cython-0.29.37-cp312-cp312-manylinux_2_17_x86_64.manylinux2014_x86_64.manylinux_2_28_x86_64.whl", hash = "sha256:e8af5975ecfae254d8c0051204fca995dda8f93cf9f0bbf7571e3cda2b0cef4d"},
    {file = "Cython-0.29.37-cp312-cp312-musllinux_1_1_x86_64.whl", hash = "sha256:29415d8eb2fdc1ea518ca4810c50a2d062b387d4c9fbcfb3352346e93db22c6d"},
    {file = "Cython-0.29.37-cp35-cp35m-manylinux_2_5_i686.manylinux1_i686.whl", hash = "sha256:fe0eaf6b1e9ee97c5ee7bfc943f00e36cf59d929db16886cb018352bff8208da"},
    {file = "Cython-0.29.37-cp35-cp35m-manylinux_2_5_x86_64.manylinux1_x86_64.whl", hash = "sha256:cc1b9ce2b73b9ee8c305e06173b35c7c202d4b82d084a0cd73dcedfd6d310aec"},
    {file = "Cython-0.29.37-cp36-cp36m-manylinux_2_17_aarch64.manylinux2014_aarch64.manylinux_2_24_aarch64.whl", hash = "sha256:2618af0b8df26d32ee4e8858d4ad8167546596762620aeade84954ae37194a0e"},
    {file = "Cython-0.29.37-cp36-cp36m-manylinux_2_17_x86_64.manylinux2014_x86_64.manylinux_2_24_x86_64.whl", hash = "sha256:ac910a28a2fd3d280faf3077b6fe63b97a4b93994ff05647581846f0e4b2f8d1"},
    {file = "Cython-0.29.37-cp36-cp36m-manylinux_2_5_i686.manylinux1_i686.manylinux_2_24_i686.whl", hash = "sha256:8bf38373773f967cfd793997a6fb96cf972d41a9fce987ace5767349d6f15572"},
    {file = "Cython-0.29.37-cp36-cp36m-manylinux_2_5_i686.manylinux1_i686.whl", hash = "sha256:6cddb567dadb3aa3e280a8a35e5126030915ea744c2812206e9c194b8881475d"},
    {file = "Cython-0.29.37-cp36-cp36m-manylinux_2_5_x86_64.manylinux1_x86_64.whl", hash = "sha256:79ecfc48694e156402c05561e0adb0e25a6e9d35ac0b41693733a08219d38c58"},
    {file = "Cython-0.29.37-cp36-cp36m-musllinux_1_1_x86_64.whl", hash = "sha256:9a455347e20ddfad0c5dfee32a3e855ee96811269e5fd86be622ddc4cb326404"},
    {file = "Cython-0.29.37-cp37-cp37m-manylinux_2_17_aarch64.manylinux2014_aarch64.manylinux_2_24_aarch64.whl", hash = "sha256:fa5b6a0f69bf1823c9fd038fa77a2568b78fda2de045a95b48a71dee4d0d578f"},
    {file = "Cython-0.29.37-cp37-cp37m-manylinux_2_17_x86_64.manylinux2014_x86_64.manylinux_2_24_x86_64.whl", hash = "sha256:a6164a05440dcd9daa760c6488bc91bdac1380c7b4b3aca38cf307ba66042d54"},
    {file = "Cython-0.29.37-cp37-cp37m-manylinux_2_5_i686.manylinux1_i686.manylinux_2_24_i686.whl", hash = "sha256:562f8f911dbd6f1a1b9be8f6cba097125700355688f613994ccd4406f220557a"},
    {file = "Cython-0.29.37-cp37-cp37m-manylinux_2_5_i686.manylinux1_i686.whl", hash = "sha256:8c39c2f5a0fe29bb01de9b1fb449bf65bed6f192317c677f181732791c63fe28"},
    {file = "Cython-0.29.37-cp37-cp37m-manylinux_2_5_x86_64.manylinux1_x86_64.whl", hash = "sha256:0a0a6d5972bb3b8c7363cf19a42a988bb0c0bb5ebd9c736c84eca85113ccfdbe"},
    {file = "Cython-0.29.37-cp37-cp37m-musllinux_1_1_x86_64.whl", hash = "sha256:b82584836e9e7c0d6effee976595e5cd7fa88dbef3e96e900187983c1d4637d1"},
    {file = "Cython-0.29.37-cp38-cp38-manylinux_2_17_aarch64.manylinux2014_aarch64.manylinux_2_24_aarch64.whl", hash = "sha256:b6c48f1032b379135a5b4a31976d6c468e02490688acf9254c6c8ed27bd4cbd4"},
    {file = "Cython-0.29.37-cp38-cp38-manylinux_2_17_x86_64.manylinux2014_x86_64.manylinux_2_24_x86_64.whl", hash = "sha256:3f87bef1808d255cf13be378c7ad27ae7c6db6df7732217d32428d1daf4109be"},
    {file = "Cython-0.29.37-cp38-cp38-manylinux_2_5_i686.manylinux1_i686.manylinux_2_24_i686.whl", hash = "sha256:9e68bafeeb97d5a403fb1f7700bd4a55a1f8989824c323ae02ae8a4fcd88f6a1"},
    {file = "Cython-0.29.37-cp38-cp38-manylinux_2_5_i686.manylinux1_i686.whl", hash = "sha256:e14cd44c830e53cf9d7269c87a6bcc638bb065ec07e24990e338162c7001d3c3"},
    {file = "Cython-0.29.37-cp38-cp38-manylinux_2_5_x86_64.manylinux1_x86_64.whl", hash = "sha256:0544f7a3e4437b89b356baa15387494c18214e03f2ffaddada5a2c71c3dfd24b"},
    {file = "Cython-0.29.37-cp38-cp38-musllinux_1_1_x86_64.whl", hash = "sha256:2de3e729d25f041036e81e2f15683dd129f977dfb5b06267e30e8d7acec43225"},
    {file = "Cython-0.29.37-cp39-cp39-manylinux_2_17_aarch64.manylinux2014_aarch64.manylinux_2_24_aarch64.whl", hash = "sha256:2ad634dc77a6a74022881826099eccac19c9b79153942cc82e754ffac2bec116"},
    {file = "Cython-0.29.37-cp39-cp39-manylinux_2_17_x86_64.manylinux2014_x86_64.manylinux_2_24_x86_64.whl", hash = "sha256:e841a8b4f9ceefb2916e32dac4f28a895cd519e8ece71505144da1ee355c548a"},
    {file = "Cython-0.29.37-cp39-cp39-manylinux_2_5_i686.manylinux1_i686.manylinux_2_24_i686.whl", hash = "sha256:6c672089fba6a8f6690b8d7924a58c04477771401ad101d53171a13405ee12cb"},
    {file = "Cython-0.29.37-cp39-cp39-manylinux_2_5_i686.manylinux1_i686.whl", hash = "sha256:0301d4739c6894e012f1d410052082fdda9e63888c815d9e23e0f7f82fff7d79"},
    {file = "Cython-0.29.37-cp39-cp39-manylinux_2_5_x86_64.manylinux1_x86_64.whl", hash = "sha256:af8e7b4397620e2d18259a11f3bfa026eff9846657e397d02616962dd5dd035a"},
    {file = "Cython-0.29.37-cp39-cp39-musllinux_1_1_x86_64.whl", hash = "sha256:b225d5e2091c224d4ab328165fef224ba3919b3ed44bd9b3241416f523b4d51a"},
    {file = "Cython-0.29.37-py2.py3-none-any.whl", hash = "sha256:95f1d6a83ef2729e67b3fa7318c829ce5b07ac64c084cd6af11c228e0364662c"},
    {file = "Cython-0.29.37.tar.gz", hash = "sha256:f813d4a6dd94adee5d4ff266191d1d95bf6d4164a4facc535422c021b2504cfb"},
]

[[package]]
name = "pyenet"
version = "1.3.17"
description = "A python wrapper for the ENet library"
optional = false
python-versions = "*"
files = [
    {file = "pyenet-1.3.17-cp310-cp310-manylinux_2_17_x86_64.manylinux2014_x86_64.whl", hash = "sha256:9190bee9b2b8a6269a33976d229bb97a41e17d5d227b39c29c6d935263c48ac8"},
    {file = "pyenet-1.3.17-cp310-cp310-manylinux_2_5_i686.manylinux1_i686.manylinux_2_17_i686.manylinux2014_i686.whl", hash = "sha256:157280ce3e813e73e9bea5266670cb19871eb14d39be83d46e4419323375ed15"},
    {file = "pyenet-1.3.17-cp310-cp310-musllinux_1_1_i686.whl", hash = "sha256:3a3924a0f3e70585cc216c3497bc86295ef6d4a9b5da1478b88777d8188999e8"},
    {file = "pyenet-1.3.17-cp310-cp310-musllinux_1_1_x86_64.whl", hash = "sha256:7f7d98fc758056fb3e99690ea48c7bb304106bbbb251f1c8ef9eef3b490c6a4a"},
    {file = "pyenet-1.3.17-cp310-cp310-win32.whl", hash = "sha256:7e2c94fd75d9408a752c719d83aee2a3d3536ab4b82cb53e81bbbe8cc3b4b29b"},
    {file = "pyenet-1.3.17-cp310-cp310-win_amd64.whl", hash = "sha256:7ff74c6938c5664b055e16278831d55a1e21385084cd289adee3b66ce3fe4a65"},
    {file = "pyenet-1.3.17-cp311-cp311-manylinux_2_17_x86_64.manylinux2014_x86_64.whl", hash = "sha256:74e72182c7406c8f1790445c43140fab2924a54f86965cf4bc03975e3be73ccf"},
    {file = "pyenet-1.3.17-cp311-cp311-manylinux_2_5_i686.manylinux1_i686.manylinux_2_17_i686.manylinux2014_i686.whl", hash = "sha256:4b80c6b864582adac44cd5162852c38a20976177732c5998fb6c804d7a575982"},
    {file = "pyenet-1.3.17-cp311-cp311-musllinux_1_1_i686.whl", hash = "sha256:90605e7e30afe33089974463c906d04068c93c0eb6a21143baf9b23e086c6d39"},
    {file = "pyenet-1.3.17-cp311-cp311-musllinux_1_1_x86_64.whl", hash = "sha256:5b21e4e3e0223f625e26b6286962a1ed153c8081c6ea4f82641fe9f285a34f86"},
    {file = "pyenet-1.3.17-cp311-cp311-win32.whl", hash = "sha256:388926e42975327f359d40765337b53a91ae1d8f1a98ad0220ff24c4b404ef17"},
    {file = "pyenet-1.3.17-cp311-cp311-win_amd64.whl", hash = "sha256:37916f33e9cb107337b11aaf1b62b86acfedb45d2d766393edd93000824057df"},
    {file = "pyenet-1.3.17-cp312-cp312-manylinux_2_17_x86_64.manylinux2014_x86_64.whl", hash = "sha256:8e170c56d9c223c7ea23f56a237298ad4691cc6bdf6f0149728eb4989dec0fff"},
    {file = "pyenet-1.3.17-cp312-cp312-manylinux_2_5_i686.manylinux1_i686.manylinux_2_17_i686.manylinux2014_i686.whl", hash = "sha256:0da7759482c6bac8dd63d80f14ed545fe2a31fe71eb9e6311015d5aee5adcba5"},
    {file = "pyenet-1.3.17-cp312-cp312-musllinux_1_1_i686.whl", hash = "sha256:3c0194f67e52983f1f44b53d6cb70417172c45e9137c2d8312f34f6206ed943c"},
    {file = "pyenet-1.3.17-cp312-cp312-musllinux_1_1_x86_64.whl", hash = "sha256:3f899b46ebe39b5272647367bc7a8d67561bb2c41490243ff964c18a1a9784e6"},
    {file = "pyenet-1.3.17-cp312-cp312-win32.whl", hash = "sha256:ac0dbfae1b9f45da88a252afe4a620c3a118534904bd7cdb7b7bbd26fd497129"},
    {file = "pyenet-1.3.17-cp312-cp312-win_amd64.whl", hash = "sha256:72f426f0d67191fb599b7f334a51455f69940eb92655c2722523f6ff5e4aea4b"},
    {file = "pyenet-1.3.17-cp38-cp38-manylinux_2_17_x86_64.manylinux2014_x86_64.whl", hash = "sha256:b5235f8f01419253effb8c16e9a6141f86d4adb4513ebe885509ec219828d2fb"},
    {file = "pyenet-1.3.17-cp38-cp38-manylinux_2_5_i686.manylinux1_i686.manylinux_2_17_i686.manylinux2014_i686.whl", hash = "sha256:7e1d606b8dd25c98be03f29df3a89ea91bf0a70c88f442aaf510f04b26291931"},
    {file = "pyenet-1.3.17-cp38-cp38-musllinux_1_1_i686.whl", hash = "sha256:3309a48e0537b8c1c29fc46088ba426e43330a974f277c01a4d847cb31f28aa4"},
    {file = "pyenet-1.3.17-cp38-cp38-musllinux_1_1_x86_64.whl", hash = "sha256:32a0e44ee00b6938947f5607def7950618e325f36afddcafb87bb28b42680647"},
    {file = "pyenet-1.3.17-cp38-cp38-win32.whl", hash = "sha256:e03db34b64f263126304ec748f1784a84bd280e309ee963171398d9dad2948fa"},
    {file = "pyenet-1.3.17-cp38-cp38-win_amd64.whl", hash = "sha256:0b845846c09446a99578b892491c748877ee17ef3f5ee0ddfd2b1ef437684794"},
    {file = "pyenet-1.3.17-cp39-cp39-manylinux_2_17_x86_64.manylinux2014_x86_64.whl", hash = "sha256:2cb46b609404a685c2233f61a8fc96e026c77ba1b7ec737f99e55a984a995183"},
    {file = "pyenet-1.3.17-cp39-cp39-manylinux_2_5_i686.manylinux1_i686.manylinux_2_17_i686.manylinux2014_i686.whl", hash = "sha256:69ba92ab4f84bd0029ec0f08ed18d4037ae97de61b9bff47c987c281e5b0c3a0"},
    {file = "pyenet-1.3.17-cp39-cp39-musllinux_1_1_i686.whl", hash = "sha256:02e063dbe090f4070a2eb7a5f61674ffa2decdf17d065bb8e30c996bb539f9b3"},
    {file = "pyenet-1.3.17-cp39-cp39-musllinux_1_1_x86_64.whl", hash = "sha256:bfbc26e94b53ba9b26f55510ae2b2dde9add2a855011e05189b483b04f2110cb"},
    {file = "pyenet-1.3.17-cp39-cp39-win32.whl", hash = "sha256:bbb2a7f8f142a91b2b764817f50ff2aabec6c8bfd02bb26f767f75b82f795c6f"},
    {file = "pyenet-1.3.17-cp39-cp39-win_amd64.whl", hash = "sha256:9c07f38a6bebbdcab28be1610c414369978ca8cd6b9b5a4a944bacabfebc37d5"},
    {file = "pyenet-1.3.17.tar.gz", hash = "sha256:80e1960f3b497ee601d609da91dc073c2bba8e7f05528b67206b8aa0ce4f1a6a"},
]

[package.dependencies]
Cython = ">=0,<1"

[metadata]
lock-version = "2.0"
python-versions = "^3.12"
content-hash = "0d79dcaece31f4e23b9dca370e088f182678ec460c228490c73fe643b24f2f72"
